<?xml version="1.0" encoding="UTF-8" standalone="yes" ?>
<CodeBlocks_project_file>
	<FileVersion major="1" minor="6" />
	<Project>
		<Option title="capitulo7" />
		<Option pch_mode="2" />
		<Option compiler="gcc" />
		<Build>
			<Target title="Debug">
				<Option output="bin/Debug/capitulo7" prefix_auto="1" extension_auto="1" />
				<Option object_output="obj/Debug/" />
				<Option type="1" />
				<Option compiler="gcc" />
				<Compiler>
					<Add option="-g" />
				</Compiler>
			</Target>
			<Target title="Release">
				<Option output="bin/Release/capitulo7" prefix_auto="1" extension_auto="1" />
				<Option object_output="obj/Release/" />
				<Option type="1" />
				<Option compiler="gcc" />
				<Compiler>
					<Add option="-O2" />
				</Compiler>
				<Linker>
					<Add option="-s" />
				</Linker>
			</Target>
		</Build>
		<Compiler>
			<Add option="-Wall" />
		</Compiler>
		<Unit filename="fig7_03.cpp" />
		<Unit filename="fig7_04.cpp" />
		<Unit filename="fig7_05.cpp" />
		<Unit filename="fig7_06.cpp" />
		<Unit filename="fig7_07.cpp" />
		<Unit filename="fig7_08.cpp" />
		<Unit filename="fig7_09.cpp" />
		<Unit filename="fig7_10.cpp" />
		<Unit filename="fig7_11.cpp" />
		<Unit filename="fig7_12.cpp" />
		<Unit filename="fig7_13.cpp" />
		<Unit filename="fig7_15.cpp" />
		<Unit filename="fig7_16.cpp" />
		<Unit filename="fig7_17.cpp" />
		<Unit filename="fig7_18.cpp" />
		<Unit filename="fig7_20.cpp" />
		<Unit filename="fig7_22.cpp" />
		<Unit filename="fig7_23.cpp" />
		<Unit filename="fig7_24.cpp" />
		<Unit filename="fig7_25.cpp" />
		<Extensions>
			<code_completion />
			<envvars />
			<debugger />
			<lib_finder disable_auto="1" />
		</Extensions>
	</Project>
</CodeBlocks_project_file>
